
Microsoft Visual Studio Solution File, Format Version 12.00
# Visual Studio Version 17
VisualStudioVersion = 17.2.32526.322
MinimumVisualStudioVersion = 10.0.40219.1
Project("{FAE04EC0-301F-11D3-BF4B-00C04F79EFBC}") = "FamilyFriendly", "FamilyFriendly\FamilyFriendly.csproj", "{E1B98195-EA1E-4268-B2FA-76313E007E94}"
EndProject
Global
	GlobalSection(SolutionConfigurationPlatforms) = preSolution
		Debug|Any CPU = Debug|Any CPU
		Release|Any CPU = Release|Any CPU
	EndGlobalSection
	GlobalSection(ProjectConfigurationPlatforms) = postSolution
		{E1B98195-EA1E-4268-B2FA-76313E007E94}.Debug|Any CPU.ActiveCfg = Debug|Any CPU
		{E1B98195-EA1E-4268-B2FA-76313E007E94}.Debug|Any CPU.Build.0 = Debug|Any CPU
		{E1B98195-EA1E-4268-B2FA-76313E007E94}.Release|Any CPU.ActiveCfg = Release|Any CPU
		{E1B98195-EA1E-4268-B2FA-76313E007E94}.Release|Any CPU.Build.0 = Release|Any CPU
	EndGlobalSection
	GlobalSection(SolutionProperties) = preSolution
		HideSolutionNode = FALSE
	EndGlobalSection
	GlobalSection(ExtensibilityGlobals) = postSolution
		SolutionGuid = {0211795D-D09A-4F0F-B9DA-05C0EBD3E63E}
	EndGlobalSection
EndGlobal
